version = 2

[dependencies._self]
path = "."

[dependencies.anthropic-skills]
url = "https://github.com/anthropics/skills"
commit = "d230a6dd6eb1a0dbee9fec55e2f00a96e28dff81"

[dependencies.meridian-base]
url = "https://github.com/meridian-flow/meridian-base"
version = "v0.2.7"
commit = "2e8cf6692abeb4158dd4a32f5a373eebd6ca608f"

[dependencies.meridian-prompter]
url = "https://github.com/meridian-flow/meridian-prompter"
version = "v0.1.12"
commit = "df83e7be065564feaeb6a2e909ab68fc83593eaf"

[dependencies.playwright-cli]
url = "https://github.com/microsoft/playwright-cli"
commit = "fb2a027f2025f7ba7574f1aa1ce1f8cc09ce421b"

[items."agent/alignment-reviewer"]
source = "_self"
kind = "agent"
source_checksum = "sha256:c588ebadd81c4a1474adcf703d6a533928ae092714dba78ba4e26c7fa441cb34"

[[items."agent/alignment-reviewer".outputs]]
target_root = ".mars"
dest_path = "agents/alignment-reviewer.md"
installed_checksum = "sha256:c588ebadd81c4a1474adcf703d6a533928ae092714dba78ba4e26c7fa441cb34"

[items."agent/architect"]
source = "_self"
kind = "agent"
source_checksum = "sha256:36de32ec0b3fe45154a2a9b261190381d16ce51b324619c1ebc34a185ee1a4be"

[[items."agent/architect".outputs]]
target_root = ".mars"
dest_path = "agents/architect.md"
installed_checksum = "sha256:36de32ec0b3fe45154a2a9b261190381d16ce51b324619c1ebc34a185ee1a4be"

[items."agent/browser"]
source = "_self"
kind = "agent"
source_checksum = "sha256:1e499a6845dfba89900c7a6d45d34dee69eeedbcd9eb9b785fd23cfc495d3c61"

[[items."agent/browser".outputs]]
target_root = ".mars"
dest_path = "agents/browser.md"
installed_checksum = "sha256:1e499a6845dfba89900c7a6d45d34dee69eeedbcd9eb9b785fd23cfc495d3c61"

[items."agent/browser-tester"]
source = "_self"
kind = "agent"
source_checksum = "sha256:60d8dfeabda91dcee79452d12be39621013817c2d3c0efd6a5b25a2e176a72f2"

[[items."agent/browser-tester".outputs]]
target_root = ".mars"
dest_path = "agents/browser-tester.md"
installed_checksum = "sha256:60d8dfeabda91dcee79452d12be39621013817c2d3c0efd6a5b25a2e176a72f2"

[items."agent/coder"]
source = "_self"
kind = "agent"
source_checksum = "sha256:528548f8d2447d8c8c685fb85aa78581ff7065aa72e5fa7355957c850b79a84c"

[[items."agent/coder".outputs]]
target_root = ".mars"
dest_path = "agents/coder.md"
installed_checksum = "sha256:528548f8d2447d8c8c685fb85aa78581ff7065aa72e5fa7355957c850b79a84c"

[items."agent/design-lead"]
source = "_self"
kind = "agent"
source_checksum = "sha256:38784ac1bdb788e10c812ad56eee1987def966acd84b110af3f21c00603ba412"

[[items."agent/design-lead".outputs]]
target_root = ".mars"
dest_path = "agents/design-lead.md"
installed_checksum = "sha256:38784ac1bdb788e10c812ad56eee1987def966acd84b110af3f21c00603ba412"

[items."agent/design-writer"]
source = "_self"
kind = "agent"
source_checksum = "sha256:8572a340ed2d399d54e6e2097b457f0c37a391f0f7e4f81a3548567810398c45"

[[items."agent/design-writer".outputs]]
target_root = ".mars"
dest_path = "agents/design-writer.md"
installed_checksum = "sha256:8572a340ed2d399d54e6e2097b457f0c37a391f0f7e4f81a3548567810398c45"

[items."agent/explorer"]
source = "meridian-base"
kind = "agent"
version = "v0.2.1"
source_checksum = "sha256:62b2f32eb41e976b59bec716bfb2521dfe9026956f36da2e4e6bb7cdae2103c0"

[[items."agent/explorer".outputs]]
target_root = ".mars"
dest_path = "agents/explorer.md"
installed_checksum = "sha256:62b2f32eb41e976b59bec716bfb2521dfe9026956f36da2e4e6bb7cdae2103c0"

[items."agent/frontend-coder"]
source = "_self"
kind = "agent"
source_checksum = "sha256:e01682cc4269a6768483322716092ef83de1fb3c5c19f457b02db09e2fbe48a2"

[[items."agent/frontend-coder".outputs]]
target_root = ".mars"
dest_path = "agents/frontend-coder.md"
installed_checksum = "sha256:e01682cc4269a6768483322716092ef83de1fb3c5c19f457b02db09e2fbe48a2"

[items."agent/frontend-designer"]
source = "_self"
kind = "agent"
source_checksum = "sha256:320b5cc44ff22cbad31a73b3cf7b2c21fc0ecbbb04eaa2140de5b64f58a24254"

[[items."agent/frontend-designer".outputs]]
target_root = ".mars"
dest_path = "agents/frontend-designer.md"
installed_checksum = "sha256:320b5cc44ff22cbad31a73b3cf7b2c21fc0ecbbb04eaa2140de5b64f58a24254"

[items."agent/imagegen"]
source = "_self"
kind = "agent"
source_checksum = "sha256:3d6bfeda532b773ee545ea0e9da700ca62f918b56cd65c2e32b20b72570b7e9d"

[[items."agent/imagegen".outputs]]
target_root = ".mars"
dest_path = "agents/imagegen.md"
installed_checksum = "sha256:3d6bfeda532b773ee545ea0e9da700ca62f918b56cd65c2e32b20b72570b7e9d"

[items."agent/integration-tester"]
source = "_self"
kind = "agent"
source_checksum = "sha256:0e2d49611acbe1254f2948512f7b81c8370c365c1db44b82f6af28a7cfd04b14"

[[items."agent/integration-tester".outputs]]
target_root = ".mars"
dest_path = "agents/integration-tester.md"
installed_checksum = "sha256:0e2d49611acbe1254f2948512f7b81c8370c365c1db44b82f6af28a7cfd04b14"

[items."agent/investigator"]
source = "_self"
kind = "agent"
source_checksum = "sha256:e8c66e4626b5f6e2d311dc955e7431008fa2ba1b9da5202d297b9531596cc034"

[[items."agent/investigator".outputs]]
target_root = ".mars"
dest_path = "agents/investigator.md"
installed_checksum = "sha256:e8c66e4626b5f6e2d311dc955e7431008fa2ba1b9da5202d297b9531596cc034"

[items."agent/kb-maintainer"]
source = "meridian-base"
kind = "agent"
version = "v0.2.1"
source_checksum = "sha256:b8fba2210c72f7ebdb9b1aa9ea12393079ba38755f5af868ac86a99d75d6ad70"

[[items."agent/kb-maintainer".outputs]]
target_root = ".mars"
dest_path = "agents/kb-maintainer.md"
installed_checksum = "sha256:b8fba2210c72f7ebdb9b1aa9ea12393079ba38755f5af868ac86a99d75d6ad70"

[items."agent/kb-writer"]
source = "meridian-base"
kind = "agent"
version = "v0.2.1"
source_checksum = "sha256:198d58c163a2ee2deee99c10939c10d6137d7c7ce80d878009e819d9cce7dff5"

[[items."agent/kb-writer".outputs]]
target_root = ".mars"
dest_path = "agents/kb-writer.md"
installed_checksum = "sha256:198d58c163a2ee2deee99c10939c10d6137d7c7ce80d878009e819d9cce7dff5"

[items."agent/meridian-default-orchestrator"]
source = "meridian-base"
kind = "agent"
version = "v0.1.2"
source_checksum = "sha256:fd60af3212acc6ddc8f1d64e2eec21f2f99eae03643577bc2cbdc6aed4c474b6"

[[items."agent/meridian-default-orchestrator".outputs]]
target_root = ".mars"
dest_path = "agents/meridian-default-orchestrator.md"
installed_checksum = "sha256:fd60af3212acc6ddc8f1d64e2eec21f2f99eae03643577bc2cbdc6aed4c474b6"

[items."agent/meridian-subagent"]
source = "meridian-base"
kind = "agent"
version = "v0.1.2"
source_checksum = "sha256:72f0c5060b99af974f19d29d615af9065d49fef34a132b3e1b2b9d163c15fdd2"

[[items."agent/meridian-subagent".outputs]]
target_root = ".mars"
dest_path = "agents/meridian-subagent.md"
installed_checksum = "sha256:72f0c5060b99af974f19d29d615af9065d49fef34a132b3e1b2b9d163c15fdd2"

[items."agent/mockup-gen"]
source = "_self"
kind = "agent"
source_checksum = "sha256:4bea3e996182d0e8a534c64654abd9ae9b6a12bc14c16a76a4e77bc8f6263f35"

[[items."agent/mockup-gen".outputs]]
target_root = ".mars"
dest_path = "agents/mockup-gen.md"
installed_checksum = "sha256:4bea3e996182d0e8a534c64654abd9ae9b6a12bc14c16a76a4e77bc8f6263f35"

[items."agent/planner"]
source = "_self"
kind = "agent"
source_checksum = "sha256:ccd5f6679f6cbc05145082bd1b9135fe51d48ba3759430996e8e7ce3455af25e"

[[items."agent/planner".outputs]]
target_root = ".mars"
dest_path = "agents/planner.md"
installed_checksum = "sha256:ccd5f6679f6cbc05145082bd1b9135fe51d48ba3759430996e8e7ce3455af25e"

[items."agent/product-lead"]
source = "_self"
kind = "agent"
source_checksum = "sha256:b90b653a03f24a48558d2882253365e9aad43a65633dd5abea1a114de3199084"

[[items."agent/product-lead".outputs]]
target_root = ".mars"
dest_path = "agents/product-lead.md"
installed_checksum = "sha256:b90b653a03f24a48558d2882253365e9aad43a65633dd5abea1a114de3199084"

[items."agent/prompt-dev"]
source = "meridian-prompter"
kind = "agent"
version = "v0.1.12"
source_checksum = "sha256:3cacf477a1d6ab623a3581bd1627d058d085d15565da2b6373a00b660599da24"

[[items."agent/prompt-dev".outputs]]
target_root = ".mars"
dest_path = "agents/prompt-dev.md"
installed_checksum = "sha256:3cacf477a1d6ab623a3581bd1627d058d085d15565da2b6373a00b660599da24"

[items."agent/prompt-reviewer"]
source = "meridian-prompter"
kind = "agent"
version = "v0.1.4"
source_checksum = "sha256:1079b11c3fbe02d19f3af28c3b0ed6ef0d5067bfcbfb97b9f962fc3b0a450967"

[[items."agent/prompt-reviewer".outputs]]
target_root = ".mars"
dest_path = "agents/prompt-reviewer.md"
installed_checksum = "sha256:1079b11c3fbe02d19f3af28c3b0ed6ef0d5067bfcbfb97b9f962fc3b0a450967"

[items."agent/prompt-tester"]
source = "meridian-prompter"
kind = "agent"
version = "v0.1.4"
source_checksum = "sha256:b184f54d9b1c3ea145a821144a1b2705aa04d50d57f0a21fa0c688ca1e664c39"

[[items."agent/prompt-tester".outputs]]
target_root = ".mars"
dest_path = "agents/prompt-tester.md"
installed_checksum = "sha256:b184f54d9b1c3ea145a821144a1b2705aa04d50d57f0a21fa0c688ca1e664c39"

[items."agent/python-tool-writer"]
source = "meridian-prompter"
kind = "agent"
version = "v0.1.4"
source_checksum = "sha256:5c05cce4f8f2bbf5e6dcbbcbfff1c3e47f69be2dd29f22908bac22e9339c2b37"

[[items."agent/python-tool-writer".outputs]]
target_root = ".mars"
dest_path = "agents/python-tool-writer.md"
installed_checksum = "sha256:5c05cce4f8f2bbf5e6dcbbcbfff1c3e47f69be2dd29f22908bac22e9339c2b37"

[items."agent/qa-lead"]
source = "_self"
kind = "agent"
source_checksum = "sha256:da3c59fee3ba66fb309138eec1180e47445e6cd24937e4038298f24485f65d56"

[[items."agent/qa-lead".outputs]]
target_root = ".mars"
dest_path = "agents/qa-lead.md"
installed_checksum = "sha256:da3c59fee3ba66fb309138eec1180e47445e6cd24937e4038298f24485f65d56"

[items."agent/refactor-coder"]
source = "_self"
kind = "agent"
source_checksum = "sha256:a61e51b09d6c43d0aa701c90d215175799ffea61b8bf388cde9d2881083a6876"

[[items."agent/refactor-coder".outputs]]
target_root = ".mars"
dest_path = "agents/refactor-coder.md"
installed_checksum = "sha256:a61e51b09d6c43d0aa701c90d215175799ffea61b8bf388cde9d2881083a6876"

[items."agent/refactor-reviewer"]
source = "_self"
kind = "agent"
source_checksum = "sha256:a2029af2dc2cf1f211031d95d851d51fba93c6daa650ee8d6d5055e209b25ff3"

[[items."agent/refactor-reviewer".outputs]]
target_root = ".mars"
dest_path = "agents/refactor-reviewer.md"
installed_checksum = "sha256:a2029af2dc2cf1f211031d95d851d51fba93c6daa650ee8d6d5055e209b25ff3"

[items."agent/reviewer"]
source = "_self"
kind = "agent"
source_checksum = "sha256:4f7ebebf18c394d8fdc046f63a6319677489952b7c97caed7e51b36db9236381"

[[items."agent/reviewer".outputs]]
target_root = ".mars"
dest_path = "agents/reviewer.md"
installed_checksum = "sha256:4f7ebebf18c394d8fdc046f63a6319677489952b7c97caed7e51b36db9236381"

[items."agent/session-explorer"]
source = "meridian-base"
kind = "agent"
version = "v0.2.1"
source_checksum = "sha256:a047dc707ebeccf37d36ea92b6a454d6d11e6765a89d8b416f06d8b3f2826925"

[[items."agent/session-explorer".outputs]]
target_root = ".mars"
dest_path = "agents/session-explorer.md"
installed_checksum = "sha256:a047dc707ebeccf37d36ea92b6a454d6d11e6765a89d8b416f06d8b3f2826925"

[items."agent/smoke-tester"]
source = "_self"
kind = "agent"
source_checksum = "sha256:4da52caee3ce34bcd73c584b67526ddd33164eeb1be7a4fc51d2921acc86f9f0"

[[items."agent/smoke-tester".outputs]]
target_root = ".mars"
dest_path = "agents/smoke-tester.md"
installed_checksum = "sha256:4da52caee3ce34bcd73c584b67526ddd33164eeb1be7a4fc51d2921acc86f9f0"

[items."agent/tech-lead"]
source = "_self"
kind = "agent"
source_checksum = "sha256:bc49cf9fa0279494f2ba814074d97a4162695846e42d87f7a75079f42a6e302b"

[[items."agent/tech-lead".outputs]]
target_root = ".mars"
dest_path = "agents/tech-lead.md"
installed_checksum = "sha256:bc49cf9fa0279494f2ba814074d97a4162695846e42d87f7a75079f42a6e302b"

[items."agent/tech-writer"]
source = "_self"
kind = "agent"
source_checksum = "sha256:f28ed56dabe22a88d11d0d1f1245562373c39a3f13424856abc4cfd982297369"

[[items."agent/tech-writer".outputs]]
target_root = ".mars"
dest_path = "agents/tech-writer.md"
installed_checksum = "sha256:f28ed56dabe22a88d11d0d1f1245562373c39a3f13424856abc4cfd982297369"

[items."agent/unit-tester"]
source = "_self"
kind = "agent"
source_checksum = "sha256:428fddf5035f57a3bca709f67d15e5d3b7ea891b2e225a60d329eeefead9b822"

[[items."agent/unit-tester".outputs]]
target_root = ".mars"
dest_path = "agents/unit-tester.md"
installed_checksum = "sha256:428fddf5035f57a3bca709f67d15e5d3b7ea891b2e225a60d329eeefead9b822"

[items."agent/ux-lead"]
source = "_self"
kind = "agent"
source_checksum = "sha256:100ad15d62a24dc6ca52542c47ba826dc30760a4ea3f505c7c90ee70cb185de8"

[[items."agent/ux-lead".outputs]]
target_root = ".mars"
dest_path = "agents/ux-lead.md"
installed_checksum = "sha256:100ad15d62a24dc6ca52542c47ba826dc30760a4ea3f505c7c90ee70cb185de8"

[items."agent/verifier"]
source = "_self"
kind = "agent"
source_checksum = "sha256:de6cb2f722e50ac47908e2625e351aa917d2154a172c7b7f66a1593a3924cb27"

[[items."agent/verifier".outputs]]
target_root = ".mars"
dest_path = "agents/verifier.md"
installed_checksum = "sha256:de6cb2f722e50ac47908e2625e351aa917d2154a172c7b7f66a1593a3924cb27"

[items."agent/web-prompt-researcher"]
source = "meridian-prompter"
kind = "agent"
version = "v0.0.4"
source_checksum = "sha256:a474014b66619b90255ee25761afbd8a9ab1c179e458ed5231a6bdffb5de5091"

[[items."agent/web-prompt-researcher".outputs]]
target_root = ".mars"
dest_path = "agents/web-prompt-researcher.md"
installed_checksum = "sha256:a474014b66619b90255ee25761afbd8a9ab1c179e458ed5231a6bdffb5de5091"

[items."agent/web-researcher"]
source = "_self"
kind = "agent"
source_checksum = "sha256:6a2917f9fe71414f4a63d59118d5910571039eefdf6fea238f418c81193fc9a8"

[[items."agent/web-researcher".outputs]]
target_root = ".mars"
dest_path = "agents/web-researcher.md"
installed_checksum = "sha256:6a2917f9fe71414f4a63d59118d5910571039eefdf6fea238f418c81193fc9a8"

[items."bootstrap-doc/imagegen-setup"]
source = "_self"
kind = "bootstrapdoc"
source_checksum = "sha256:3801c47a177623599a794a0bb64e61237072de596af6262a7c5d86bafffc3348"

[[items."bootstrap-doc/imagegen-setup".outputs]]
target_root = ".mars"
dest_path = "bootstrap/imagegen-setup/BOOTSTRAP.md"
installed_checksum = "sha256:3801c47a177623599a794a0bb64e61237072de596af6262a7c5d86bafffc3348"

[items."skill/agent-artifacts"]
source = "meridian-prompter"
kind = "skill"
version = "v0.1.8"
source_checksum = "sha256:715c6d477390f7e87b29c39244130c545455a838bde276e773b312c4a378e6c0"

[[items."skill/agent-artifacts".outputs]]
target_root = ".mars"
dest_path = "skills/agent-artifacts"
installed_checksum = "sha256:715c6d477390f7e87b29c39244130c545455a838bde276e773b312c4a378e6c0"

[items."skill/agent-management"]
source = "meridian-base"
kind = "skill"
version = "v0.2.7"
source_checksum = "sha256:705a992e610ec483b391ef89ea090d1f1583357707d77bb67c46d193db3f208b"

[[items."skill/agent-management".outputs]]
target_root = ".mars"
dest_path = "skills/agent-management"
installed_checksum = "sha256:705a992e610ec483b391ef89ea090d1f1583357707d77bb67c46d193db3f208b"

[items."skill/agent-staffing"]
source = "_self"
kind = "skill"
source_checksum = "sha256:da9ed618372ec5b7c99515d55cbe84e50ee94ca65fb983942075b8ab27f99c25"

[[items."skill/agent-staffing".outputs]]
target_root = ".mars"
dest_path = "skills/agent-staffing"
installed_checksum = "sha256:da9ed618372ec5b7c99515d55cbe84e50ee94ca65fb983942075b8ab27f99c25"

[items."skill/architecture"]
source = "_self"
kind = "skill"
source_checksum = "sha256:97070c2953c513b9a943f839278cb4a2c2185555114cf734d8ac3c0a8d68a639"

[[items."skill/architecture".outputs]]
target_root = ".mars"
dest_path = "skills/architecture"
installed_checksum = "sha256:97070c2953c513b9a943f839278cb4a2c2185555114cf734d8ac3c0a8d68a639"

[items."skill/browser-test"]
source = "_self"
kind = "skill"
source_checksum = "sha256:28211b187ef027e058dc7f460f9b82d270f895f9f8bf0fac9afda6d5ba9136d3"

[[items."skill/browser-test".outputs]]
target_root = ".mars"
dest_path = "skills/browser-test"
installed_checksum = "sha256:28211b187ef027e058dc7f460f9b82d270f895f9f8bf0fac9afda6d5ba9136d3"

[items."skill/decision-log"]
source = "meridian-base"
kind = "skill"
version = "v0.2.4"
source_checksum = "sha256:204f4aa5798fce38786c03d3332adac0fe94e65d4b199bc0a5855c5b0d643cea"

[[items."skill/decision-log".outputs]]
target_root = ".mars"
dest_path = "skills/decision-log"
installed_checksum = "sha256:204f4aa5798fce38786c03d3332adac0fe94e65d4b199bc0a5855c5b0d643cea"

[items."skill/design-principles"]
source = "_self"
kind = "skill"
source_checksum = "sha256:e36065c8ea17acecaab2e875135dcf6e472fad3107e2f077b5fcb51e870b2e72"

[[items."skill/design-principles".outputs]]
target_root = ".mars"
dest_path = "skills/design-principles"
installed_checksum = "sha256:e36065c8ea17acecaab2e875135dcf6e472fad3107e2f077b5fcb51e870b2e72"

[items."skill/dev-artifacts"]
source = "_self"
kind = "skill"
source_checksum = "sha256:b3b8fbf5a23e94e68b27f241ffcee378fb0c15ca15be7f502a152dd280c6e526"

[[items."skill/dev-artifacts".outputs]]
target_root = ".mars"
dest_path = "skills/dev-artifacts"
installed_checksum = "sha256:b3b8fbf5a23e94e68b27f241ffcee378fb0c15ca15be7f502a152dd280c6e526"

[items."skill/dev-principles"]
source = "_self"
kind = "skill"
source_checksum = "sha256:907fd52298ff63edbfce68cd3436d2bceb116948721934c0f25d8451e916063d"

[[items."skill/dev-principles".outputs]]
target_root = ".mars"
dest_path = "skills/dev-principles"
installed_checksum = "sha256:907fd52298ff63edbfce68cd3436d2bceb116948721934c0f25d8451e916063d"

[items."skill/ears-parsing"]
source = "_self"
kind = "skill"
source_checksum = "sha256:671a6ac8490ba04cc82dfad7292486dc406450c231a8dadd2bca7a84e2fa61df"

[[items."skill/ears-parsing".outputs]]
target_root = ".mars"
dest_path = "skills/ears-parsing"
installed_checksum = "sha256:671a6ac8490ba04cc82dfad7292486dc406450c231a8dadd2bca7a84e2fa61df"

[items."skill/frontend-design"]
source = "anthropic-skills"
kind = "skill"
source_checksum = "sha256:3dc9d9c837c7f390c1bf8b13e4667cf167340067bfbaf6d734d644eb08c640a1"

[[items."skill/frontend-design".outputs]]
target_root = ".mars"
dest_path = "skills/frontend-design"
installed_checksum = "sha256:3dc9d9c837c7f390c1bf8b13e4667cf167340067bfbaf6d734d644eb08c640a1"

[items."skill/integration-test"]
source = "_self"
kind = "skill"
source_checksum = "sha256:5e826698298aab2abe89e889f84bf61cc797444dfb1c13489f698e4bcf6336ee"

[[items."skill/integration-test".outputs]]
target_root = ".mars"
dest_path = "skills/integration-test"
installed_checksum = "sha256:5e826698298aab2abe89e889f84bf61cc797444dfb1c13489f698e4bcf6336ee"

[items."skill/intent-modeling"]
source = "meridian-base"
kind = "skill"
version = "v0.2.1"
source_checksum = "sha256:bfb3b04b2914abb6a59b5e6ef424c04e5150cbfdaa38a9437301ad94279da6ad"

[[items."skill/intent-modeling".outputs]]
target_root = ".mars"
dest_path = "skills/intent-modeling"
installed_checksum = "sha256:bfb3b04b2914abb6a59b5e6ef424c04e5150cbfdaa38a9437301ad94279da6ad"

[items."skill/issues"]
source = "_self"
kind = "skill"
source_checksum = "sha256:5fe181a9c2a9c8a860a4776f89a20a554147cd96dbecff062ff829838a0fb1f2"

[[items."skill/issues".outputs]]
target_root = ".mars"
dest_path = "skills/issues"
installed_checksum = "sha256:5fe181a9c2a9c8a860a4776f89a20a554147cd96dbecff062ff829838a0fb1f2"

[items."skill/kb-conventions"]
source = "meridian-base"
kind = "skill"
version = "v0.2.4"
source_checksum = "sha256:a4057d9085fadf5acd73b494cb63d7f73f3ab4c62c0b5742e7093b8ee411e820"

[[items."skill/kb-conventions".outputs]]
target_root = ".mars"
dest_path = "skills/kb-conventions"
installed_checksum = "sha256:a4057d9085fadf5acd73b494cb63d7f73f3ab4c62c0b5742e7093b8ee411e820"

[items."skill/llm-writing"]
source = "meridian-base"
kind = "skill"
version = "v0.2.1"
source_checksum = "sha256:dd619a72aaa413da03c4ef28cc2dba26965b8bae34e5934edc193c75d76ecd58"

[[items."skill/llm-writing".outputs]]
target_root = ".mars"
dest_path = "skills/llm-writing"
installed_checksum = "sha256:dd619a72aaa413da03c4ef28cc2dba26965b8bae34e5934edc193c75d76ecd58"

[items."skill/md-validation"]
source = "meridian-base"
kind = "skill"
version = "v0.2.4"
source_checksum = "sha256:5bb897ec3104f1987883f437259e56b4f1a552316ce887eeded83df6cf75347a"

[[items."skill/md-validation".outputs]]
target_root = ".mars"
dest_path = "skills/md-validation"
installed_checksum = "sha256:5bb897ec3104f1987883f437259e56b4f1a552316ce887eeded83df6cf75347a"

[items."skill/meridian-privilege-escalation"]
source = "meridian-base"
kind = "skill"
version = "v0.2.7"
source_checksum = "sha256:3aa59153bab95c223acad9d9ad578f7a022a2ac01cc7abce09f9b789c3faca62"

[[items."skill/meridian-privilege-escalation".outputs]]
target_root = ".mars"
dest_path = "skills/meridian-privilege-escalation"
installed_checksum = "sha256:3aa59153bab95c223acad9d9ad578f7a022a2ac01cc7abce09f9b789c3faca62"

[items."skill/meridian-spawn"]
source = "meridian-base"
kind = "skill"
version = "v0.2.7"
source_checksum = "sha256:2885283bc0533695e06b36d1f914365168ee07c544160b556d4b3ac66de29955"

[[items."skill/meridian-spawn".outputs]]
target_root = ".mars"
dest_path = "skills/meridian-spawn"
installed_checksum = "sha256:2885283bc0533695e06b36d1f914365168ee07c544160b556d4b3ac66de29955"

[items."skill/meridian-work-coordination"]
source = "meridian-base"
kind = "skill"
version = "v0.2.7"
source_checksum = "sha256:80f7e658559b37df8de1095c05e3129469bf1865aa7b254d2e9223a8d030ea2c"

[[items."skill/meridian-work-coordination".outputs]]
target_root = ".mars"
dest_path = "skills/meridian-work-coordination"
installed_checksum = "sha256:80f7e658559b37df8de1095c05e3129469bf1865aa7b254d2e9223a8d030ea2c"

[items."skill/planning"]
source = "_self"
kind = "skill"
source_checksum = "sha256:1ecb17a639de65f99e8db834f5dc267a284f8de92f38f7bb8c7494b9e73e198e"

[[items."skill/planning".outputs]]
target_root = ".mars"
dest_path = "skills/planning"
installed_checksum = "sha256:1ecb17a639de65f99e8db834f5dc267a284f8de92f38f7bb8c7494b9e73e198e"

[items."skill/playwright-cli"]
source = "playwright-cli"
kind = "skill"
source_checksum = "sha256:15f8566d8bc7a36e3735c6bed037e8f749f8cb8ae562120dc0e7060001d99cb4"

[[items."skill/playwright-cli".outputs]]
target_root = ".mars"
dest_path = "skills/playwright-cli"
installed_checksum = "sha256:15f8566d8bc7a36e3735c6bed037e8f749f8cb8ae562120dc0e7060001d99cb4"

[items."skill/prompt-principles"]
source = "meridian-prompter"
kind = "skill"
version = "v0.1.12"
source_checksum = "sha256:9e90ba11500d5cc1761fd7979c23fc2d2b0ae7a189f4c456223cddd2427fc0fd"

[[items."skill/prompt-principles".outputs]]
target_root = ".mars"
dest_path = "skills/prompt-principles"
installed_checksum = "sha256:9e90ba11500d5cc1761fd7979c23fc2d2b0ae7a189f4c456223cddd2427fc0fd"

[items."skill/prompt-review"]
source = "meridian-prompter"
kind = "skill"
version = "v0.1.8"
source_checksum = "sha256:a48a8e33a27e887de8ed86c8952818c283c01c2fbbe6f961085491e4fa795179"

[[items."skill/prompt-review".outputs]]
target_root = ".mars"
dest_path = "skills/prompt-review"
installed_checksum = "sha256:a48a8e33a27e887de8ed86c8952818c283c01c2fbbe6f961085491e4fa795179"

[items."skill/refactoring-principles"]
source = "_self"
kind = "skill"
source_checksum = "sha256:b2d6793f77ee3b1ab92f9c21322c36412fdd625f4d6bb4f4fa9b53949993fdde"

[[items."skill/refactoring-principles".outputs]]
target_root = ".mars"
dest_path = "skills/refactoring-principles"
installed_checksum = "sha256:b2d6793f77ee3b1ab92f9c21322c36412fdd625f4d6bb4f4fa9b53949993fdde"

[items."skill/review"]
source = "_self"
kind = "skill"
source_checksum = "sha256:12b4b6835ca3dd5d208c12cfe2b609e356d4f61a1ae7757dd9c7bcb539805b2d"

[[items."skill/review".outputs]]
target_root = ".mars"
dest_path = "skills/review"
installed_checksum = "sha256:12b4b6835ca3dd5d208c12cfe2b609e356d4f61a1ae7757dd9c7bcb539805b2d"

[items."skill/session-mining"]
source = "meridian-base"
kind = "skill"
version = "v0.2.4"
source_checksum = "sha256:2493f73fb60e750b0c9f7d2e195a48f53721b7b7278fda98b3a97e7a0dc41d8e"

[[items."skill/session-mining".outputs]]
target_root = ".mars"
dest_path = "skills/session-mining"
installed_checksum = "sha256:2493f73fb60e750b0c9f7d2e195a48f53721b7b7278fda98b3a97e7a0dc41d8e"

[items."skill/shared-workspace"]
source = "meridian-base"
kind = "skill"
version = "v0.2.4"
source_checksum = "sha256:92a4f9263cc3c285731d80d87633e92d878b471638a96ce18ea23e84253a37dc"

[[items."skill/shared-workspace".outputs]]
target_root = ".mars"
dest_path = "skills/shared-workspace"
installed_checksum = "sha256:92a4f9263cc3c285731d80d87633e92d878b471638a96ce18ea23e84253a37dc"

[items."skill/skill-artifacts"]
source = "meridian-prompter"
kind = "skill"
version = "v0.1.8"
source_checksum = "sha256:082f744d721c9ee1148a716fa16e5397bcd878ccdd30c93f390a1def56c7aa87"

[[items."skill/skill-artifacts".outputs]]
target_root = ".mars"
dest_path = "skills/skill-artifacts"
installed_checksum = "sha256:082f744d721c9ee1148a716fa16e5397bcd878ccdd30c93f390a1def56c7aa87"

[items."skill/smoke-test"]
source = "_self"
kind = "skill"
source_checksum = "sha256:19bdb9783ed9b87c3bbad01e92a467a987e9329342987f94c5f3154daf78075e"

[[items."skill/smoke-test".outputs]]
target_root = ".mars"
dest_path = "skills/smoke-test"
installed_checksum = "sha256:19bdb9783ed9b87c3bbad01e92a467a987e9329342987f94c5f3154daf78075e"

[items."skill/tech-docs"]
source = "_self"
kind = "skill"
source_checksum = "sha256:c5326ca39a6054324078a71638879bd6b30eb7704f00409a748640ffa6618ac6"

[[items."skill/tech-docs".outputs]]
target_root = ".mars"
dest_path = "skills/tech-docs"
installed_checksum = "sha256:c5326ca39a6054324078a71638879bd6b30eb7704f00409a748640ffa6618ac6"

[items."skill/testing-principles"]
source = "_self"
kind = "skill"
source_checksum = "sha256:e99e88a1f7b38f40725faae7e4a8a02ea7d662299565187d0b9a0ed652d3e0cc"

[[items."skill/testing-principles".outputs]]
target_root = ".mars"
dest_path = "skills/testing-principles"
installed_checksum = "sha256:e99e88a1f7b38f40725faae7e4a8a02ea7d662299565187d0b9a0ed652d3e0cc"

[items."skill/unit-test"]
source = "_self"
kind = "skill"
source_checksum = "sha256:8d53cb55a6a01f30c4c58e88b58b6d6cf93133d1f9f28e27e9d4894442ce58af"

[[items."skill/unit-test".outputs]]
target_root = ".mars"
dest_path = "skills/unit-test"
installed_checksum = "sha256:8d53cb55a6a01f30c4c58e88b58b6d6cf93133d1f9f28e27e9d4894442ce58af"

[items."skill/verification"]
source = "_self"
kind = "skill"
source_checksum = "sha256:959708499a62edd9b91d5f713ca76c8b13d5e59725128c9c738534366875bf53"

[[items."skill/verification".outputs]]
target_root = ".mars"
dest_path = "skills/verification"
installed_checksum = "sha256:959708499a62edd9b91d5f713ca76c8b13d5e59725128c9c738534366875bf53"
